
Microsoft Visual Studio Solution File, Format Version 12.00
# Visual Studio Version 17
VisualStudioVersion = 17.11.35327.3
MinimumVisualStudioVersion = 10.0.40219.1
Project("{FAE04EC0-301F-11D3-BF4B-00C04F79EFBC}") = "SchoolHRAdmin", "SchoolHRAdmin\SchoolHRAdmin.csproj", "{25DD9C66-834E-41C6-9C5A-C5A6B44F7CCC}"
EndProject
Project("{FAE04EC0-301F-11D3-BF4B-00C04F79EFBC}") = "HRAdminAPI", "HRAdminAPI\HRAdminAPI.csproj", "{F071C739-365C-403A-944B-C0BBE0B6C1F7}"
EndProject
Global
	GlobalSection(SolutionConfigurationPlatforms) = preSolution
		Debug|Any CPU = Debug|Any CPU
		Release|Any CPU = Release|Any CPU
	EndGlobalSection
	GlobalSection(ProjectConfigurationPlatforms) = postSolution
		{25DD9C66-834E-41C6-9C5A-C5A6B44F7CCC}.Debug|Any CPU.ActiveCfg = Debug|Any CPU
		{25DD9C66-834E-41C6-9C5A-C5A6B44F7CCC}.Debug|Any CPU.Build.0 = Debug|Any CPU
		{25DD9C66-834E-41C6-9C5A-C5A6B44F7CCC}.Release|Any CPU.ActiveCfg = Release|Any CPU
		{25DD9C66-834E-41C6-9C5A-C5A6B44F7CCC}.Release|Any CPU.Build.0 = Release|Any CPU
		{F071C739-365C-403A-944B-C0BBE0B6C1F7}.Debug|Any CPU.ActiveCfg = Debug|Any CPU
		{F071C739-365C-403A-944B-C0BBE0B6C1F7}.Debug|Any CPU.Build.0 = Debug|Any CPU
		{F071C739-365C-403A-944B-C0BBE0B6C1F7}.Release|Any CPU.ActiveCfg = Release|Any CPU
		{F071C739-365C-403A-944B-C0BBE0B6C1F7}.Release|Any CPU.Build.0 = Release|Any CPU
	EndGlobalSection
	GlobalSection(SolutionProperties) = preSolution
		HideSolutionNode = FALSE
	EndGlobalSection
	GlobalSection(ExtensibilityGlobals) = postSolution
		SolutionGuid = {DA0BC2A5-D44B-49D8-9AFD-705E189D3346}
	EndGlobalSection
EndGlobal
